// !$*UTF8*$!
{
	archiveVersion = 1;
	classes = {
	};
	objectVersion = 51;
	objects = {

/* Begin PBXBuildFile section */
		2A47F146FE12C0414DB7B566 /* Pods_SwiftLearningTests.framework in Frameworks */ = {isa = PBXBuildFile; fileRef = C68296FD931E16660AB9986E /* Pods_SwiftLearningTests.framework */; };
		4637301223EBF35D006758E8 /* AppDelegate.swift in Sources */ = {isa = PBXBuildFile; fileRef = 4637301123EBF35D006758E8 /* AppDelegate.swift */; };
		4637301423EBF35D006758E8 /* SceneDelegate.swift in Sources */ = {isa = PBXBuildFile; fileRef = 4637301323EBF35D006758E8 /* SceneDelegate.swift */; };
		4637301823EBF364006758E8 /* Assets.xcassets in Resources */ = {isa = PBXBuildFile; fileRef = 4637301723EBF364006758E8 /* Assets.xcassets */; };
		4637301B23EBF364006758E8 /* Preview Assets.xcassets in Resources */ = {isa = PBXBuildFile; fileRef = 4637301A23EBF364006758E8 /* Preview Assets.xcassets */; };
		4637301E23EBF364006758E8 /* LaunchScreen.storyboard in Resources */ = {isa = PBXBuildFile; fileRef = 4637301C23EBF364006758E8 /* LaunchScreen.storyboard */; };
		4637302923EBF365006758E8 /* SwiftLearningTests.swift in Sources */ = {isa = PBXBuildFile; fileRef = 4637302823EBF365006758E8 /* SwiftLearningTests.swift */; };
		4637303423EBF365006758E8 /* SwiftLearningUITests.swift in Sources */ = {isa = PBXBuildFile; fileRef = 4637303323EBF365006758E8 /* SwiftLearningUITests.swift */; };
		4637304823EC12B5006758E8 /* Login.swift in Sources */ = {isa = PBXBuildFile; fileRef = 4637304723EC12B5006758E8 /* Login.swift */; };
		4637304E23EC1CBF006758E8 /* OnboardingHome.swift in Sources */ = {isa = PBXBuildFile; fileRef = 4637304D23EC1CBF006758E8 /* OnboardingHome.swift */; };
		4637305123ED4FB5006758E8 /* Register.swift in Sources */ = {isa = PBXBuildFile; fileRef = 4637305023ED4FB5006758E8 /* Register.swift */; };
		463ED5F723F65BE1001592C2 /* CurrentUser.swift in Sources */ = {isa = PBXBuildFile; fileRef = 463ED5F623F65BE1001592C2 /* CurrentUser.swift */; };
		463ED5FA23F65D3D001592C2 /* Auth.swift in Sources */ = {isa = PBXBuildFile; fileRef = 463ED5F923F65D3D001592C2 /* Auth.swift */; };
		463ED5FE23F7B09C001592C2 /* Home.swift in Sources */ = {isa = PBXBuildFile; fileRef = 463ED5FD23F7B09C001592C2 /* Home.swift */; };
		46D00F9F240CE8BA00C463AA /* LoginManager.swift in Sources */ = {isa = PBXBuildFile; fileRef = 46D00F9E240CE8BA00C463AA /* LoginManager.swift */; };
		46D00FA1240D096100C463AA /* Weather.swift in Sources */ = {isa = PBXBuildFile; fileRef = 46D00FA0240D096100C463AA /* Weather.swift */; };
		46D00FA5240E560800C463AA /* APIRequestFetcher.swift in Sources */ = {isa = PBXBuildFile; fileRef = 46D00FA4240E560800C463AA /* APIRequestFetcher.swift */; };
		5615E119CF43F1CDFF35E908 /* Pods_SwiftLearning.framework in Frameworks */ = {isa = PBXBuildFile; fileRef = 26F293EF58818CF9D66A5D97 /* Pods_SwiftLearning.framework */; };
		AC27ABA53D68206E9274B54D /* Pods_SwiftLearning_SwiftLearningUITests.framework in Frameworks */ = {isa = PBXBuildFile; fileRef = 7104918F98D16715E7FF9FFE /* Pods_SwiftLearning_SwiftLearningUITests.framework */; };
/* End PBXBuildFile section */

/* Begin PBXContainerItemProxy section */
		4637302523EBF365006758E8 /* PBXContainerItemProxy */ = {
			isa = PBXContainerItemProxy;
			containerPortal = 4637300623EBF35D006758E8 /* Project object */;
			proxyType = 1;
			remoteGlobalIDString = 4637300D23EBF35D006758E8;
			remoteInfo = SwiftLearning;
		};
		4637303023EBF365006758E8 /* PBXContainerItemProxy */ = {
			isa = PBXContainerItemProxy;
			containerPortal = 4637300623EBF35D006758E8 /* Project object */;
			proxyType = 1;
			remoteGlobalIDString = 4637300D23EBF35D006758E8;
			remoteInfo = SwiftLearning;
		};
/* End PBXContainerItemProxy section */

/* Begin PBXFileReference section */
		26F293EF58818CF9D66A5D97 /* Pods_SwiftLearning.framework */ = {isa = PBXFileReference; explicitFileType = wrapper.framework; includeInIndex = 0; path = Pods_SwiftLearning.framework; sourceTree = BUILT_PRODUCTS_DIR; };
		42F91504D7BA765170BC3E57 /* Pods-SwiftLearning.debug.xcconfig */ = {isa = PBXFileReference; includeInIndex = 1; lastKnownFileType = text.xcconfig; name = "Pods-SwiftLearning.debug.xcconfig"; path = "Target Support Files/Pods-SwiftLearning/Pods-SwiftLearning.debug.xcconfig"; sourceTree = "<group>"; };
		4637300E23EBF35D006758E8 /* SwiftLearning.app */ = {isa = PBXFileReference; explicitFileType = wrapper.application; includeInIndex = 0; path = SwiftLearning.app; sourceTree = BUILT_PRODUCTS_DIR; };
		4637301123EBF35D006758E8 /* AppDelegate.swift */ = {isa = PBXFileReference; lastKnownFileType = sourcecode.swift; path = AppDelegate.swift; sourceTree = "<group>"; };
		4637301323EBF35D006758E8 /* SceneDelegate.swift */ = {isa = PBXFileReference; lastKnownFileType = sourcecode.swift; path = SceneDelegate.swift; sourceTree = "<group>"; };
		4637301723EBF364006758E8 /* Assets.xcassets */ = {isa = PBXFileReference; lastKnownFileType = folder.assetcatalog; path = Assets.xcassets; sourceTree = "<group>"; };
		4637301A23EBF364006758E8 /* Preview Assets.xcassets */ = {isa = PBXFileReference; lastKnownFileType = folder.assetcatalog; path = "Preview Assets.xcassets"; sourceTree = "<group>"; };
		4637301D23EBF364006758E8 /* Base */ = {isa = PBXFileReference; lastKnownFileType = file.storyboard; name = Base; path = Base.lproj/LaunchScreen.storyboard; sourceTree = "<group>"; };
		4637301F23EBF364006758E8 /* Info.plist */ = {isa = PBXFileReference; lastKnownFileType = text.plist.xml; path = Info.plist; sourceTree = "<group>"; };
		4637302423EBF365006758E8 /* SwiftLearningTests.xctest */ = {isa = PBXFileReference; explicitFileType = wrapper.cfbundle; includeInIndex = 0; path = SwiftLearningTests.xctest; sourceTree = BUILT_PRODUCTS_DIR; };
		4637302823EBF365006758E8 /* SwiftLearningTests.swift */ = {isa = PBXFileReference; lastKnownFileType = sourcecode.swift; path = SwiftLearningTests.swift; sourceTree = "<group>"; };
		4637302A23EBF365006758E8 /* Info.plist */ = {isa = PBXFileReference; lastKnownFileType = text.plist.xml; path = Info.plist; sourceTree = "<group>"; };
		4637302F23EBF365006758E8 /* SwiftLearningUITests.xctest */ = {isa = PBXFileReference; explicitFileType = wrapper.cfbundle; includeInIndex = 0; path = SwiftLearningUITests.xctest; sourceTree = BUILT_PRODUCTS_DIR; };
		4637303323EBF365006758E8 /* SwiftLearningUITests.swift */ = {isa = PBXFileReference; lastKnownFileType = sourcecode.swift; path = SwiftLearningUITests.swift; sourceTree = "<group>"; };
		4637303523EBF365006758E8 /* Info.plist */ = {isa = PBXFileReference; lastKnownFileType = text.plist.xml; path = Info.plist; sourceTree = "<group>"; };
		4637304723EC12B5006758E8 /* Login.swift */ = {isa = PBXFileReference; lastKnownFileType = sourcecode.swift; path = Login.swift; sourceTree = "<group>"; };
		4637304D23EC1CBF006758E8 /* OnboardingHome.swift */ = {isa = PBXFileReference; lastKnownFileType = sourcecode.swift; path = OnboardingHome.swift; sourceTree = "<group>"; };
		4637305023ED4FB5006758E8 /* Register.swift */ = {isa = PBXFileReference; lastKnownFileType = sourcecode.swift; path = Register.swift; sourceTree = "<group>"; };
		463ED5F623F65BE1001592C2 /* CurrentUser.swift */ = {isa = PBXFileReference; lastKnownFileType = sourcecode.swift; path = CurrentUser.swift; sourceTree = "<group>"; };
		463ED5F923F65D3D001592C2 /* Auth.swift */ = {isa = PBXFileReference; lastKnownFileType = sourcecode.swift; path = Auth.swift; sourceTree = "<group>"; };
		463ED5FD23F7B09C001592C2 /* Home.swift */ = {isa = PBXFileReference; lastKnownFileType = sourcecode.swift; path = Home.swift; sourceTree = "<group>"; };
		46D00F9E240CE8BA00C463AA /* LoginManager.swift */ = {isa = PBXFileReference; lastKnownFileType = sourcecode.swift; path = LoginManager.swift; sourceTree = "<group>"; };
		46D00FA0240D096100C463AA /* Weather.swift */ = {isa = PBXFileReference; lastKnownFileType = sourcecode.swift; path = Weather.swift; sourceTree = "<group>"; };
		46D00FA4240E560800C463AA /* APIRequestFetcher.swift */ = {isa = PBXFileReference; lastKnownFileType = sourcecode.swift; path = APIRequestFetcher.swift; sourceTree = "<group>"; };
		62EC79475C09BDEF4E8BF95E /* Pods-SwiftLearning.release.xcconfig */ = {isa = PBXFileReference; includeInIndex = 1; lastKnownFileType = text.xcconfig; name = "Pods-SwiftLearning.release.xcconfig"; path = "Target Support Files/Pods-SwiftLearning/Pods-SwiftLearning.release.xcconfig"; sourceTree = "<group>"; };
		7104918F98D16715E7FF9FFE /* Pods_SwiftLearning_SwiftLearningUITests.framework */ = {isa = PBXFileReference; explicitFileType = wrapper.framework; includeInIndex = 0; path = Pods_SwiftLearning_SwiftLearningUITests.framework; sourceTree = BUILT_PRODUCTS_DIR; };
		7EDAA823FA2A15A7D64EA451 /* Pods-SwiftLearningTests.release.xcconfig */ = {isa = PBXFileReference; includeInIndex = 1; lastKnownFileType = text.xcconfig; name = "Pods-SwiftLearningTests.release.xcconfig"; path = "Target Support Files/Pods-SwiftLearningTests/Pods-SwiftLearningTests.release.xcconfig"; sourceTree = "<group>"; };
		9A423F0739D22147DB95CA51 /* Pods-SwiftLearning-SwiftLearningUITests.debug.xcconfig */ = {isa = PBXFileReference; includeInIndex = 1; lastKnownFileType = text.xcconfig; name = "Pods-SwiftLearning-SwiftLearningUITests.debug.xcconfig"; path = "Target Support Files/Pods-SwiftLearning-SwiftLearningUITests/Pods-SwiftLearning-SwiftLearningUITests.debug.xcconfig"; sourceTree = "<group>"; };
		BF772EE26EA0D16CECCEFA17 /* Pods-SwiftLearningTests.debug.xcconfig */ = {isa = PBXFileReference; includeInIndex = 1; lastKnownFileType = text.xcconfig; name = "Pods-SwiftLearningTests.debug.xcconfig"; path = "Target Support Files/Pods-SwiftLearningTests/Pods-SwiftLearningTests.debug.xcconfig"; sourceTree = "<group>"; };
		C68296FD931E16660AB9986E /* Pods_SwiftLearningTests.framework */ = {isa = PBXFileReference; explicitFileType = wrapper.framework; includeInIndex = 0; path = Pods_SwiftLearningTests.framework; sourceTree = BUILT_PRODUCTS_DIR; };
		C70ABD6B6F0CF74609F02F3A /* Pods-SwiftLearning-SwiftLearningUITests.release.xcconfig */ = {isa = PBXFileReference; includeInIndex = 1; lastKnownFileType = text.xcconfig; name = "Pods-SwiftLearning-SwiftLearningUITests.release.xcconfig"; path = "Target Support Files/Pods-SwiftLearning-SwiftLearningUITests/Pods-SwiftLearning-SwiftLearningUITests.release.xcconfig"; sourceTree = "<group>"; };
/* End PBXFileReference section */

/* Begin PBXFrameworksBuildPhase section */
		4637300B23EBF35D006758E8 /* Frameworks */ = {
			isa = PBXFrameworksBuildPhase;
			buildActionMask = 2147483647;
			files = (
				5615E119CF43F1CDFF35E908 /* Pods_SwiftLearning.framework in Frameworks */,
			);
			runOnlyForDeploymentPostprocessing = 0;
		};
		4637302123EBF365006758E8 /* Frameworks */ = {
			isa = PBXFrameworksBuildPhase;
			buildActionMask = 2147483647;
			files = (
				2A47F146FE12C0414DB7B566 /* Pods_SwiftLearningTests.framework in Frameworks */,
			);
			runOnlyForDeploymentPostprocessing = 0;
		};
		4637302C23EBF365006758E8 /* Frameworks */ = {
			isa = PBXFrameworksBuildPhase;
			buildActionMask = 2147483647;
			files = (
				AC27ABA53D68206E9274B54D /* Pods_SwiftLearning_SwiftLearningUITests.framework in Frameworks */,
			);
			runOnlyForDeploymentPostprocessing = 0;
		};
/* End PBXFrameworksBuildPhase section */

/* Begin PBXGroup section */
		35D28C255C69B3B94F09B183 /* Pods */ = {
			isa = PBXGroup;
			children = (
				42F91504D7BA765170BC3E57 /* Pods-SwiftLearning.debug.xcconfig */,
				62EC79475C09BDEF4E8BF95E /* Pods-SwiftLearning.release.xcconfig */,
				9A423F0739D22147DB95CA51 /* Pods-SwiftLearning-SwiftLearningUITests.debug.xcconfig */,
				C70ABD6B6F0CF74609F02F3A /* Pods-SwiftLearning-SwiftLearningUITests.release.xcconfig */,
				BF772EE26EA0D16CECCEFA17 /* Pods-SwiftLearningTests.debug.xcconfig */,
				7EDAA823FA2A15A7D64EA451 /* Pods-SwiftLearningTests.release.xcconfig */,
			);
			path = Pods;
			sourceTree = "<group>";
		};
		4637300523EBF35D006758E8 = {
			isa = PBXGroup;
			children = (
				4637301023EBF35D006758E8 /* SwiftLearning */,
				4637302723EBF365006758E8 /* SwiftLearningTests */,
				4637303223EBF365006758E8 /* SwiftLearningUITests */,
				4637300F23EBF35D006758E8 /* Products */,
				35D28C255C69B3B94F09B183 /* Pods */,
				62451ABB1A5C6B1894C33E60 /* Frameworks */,
			);
			sourceTree = "<group>";
		};
		4637300F23EBF35D006758E8 /* Products */ = {
			isa = PBXGroup;
			children = (
				4637300E23EBF35D006758E8 /* SwiftLearning.app */,
				4637302423EBF365006758E8 /* SwiftLearningTests.xctest */,
				4637302F23EBF365006758E8 /* SwiftLearningUITests.xctest */,
			);
			name = Products;
			sourceTree = "<group>";
		};
		4637301023EBF35D006758E8 /* SwiftLearning */ = {
			isa = PBXGroup;
			children = (
				463ED5F823F65D2D001592C2 /* Model */,
				463ED5F523F65BC1001592C2 /* Schemas */,
				4637304523EC123F006758E8 /* Screens */,
				4637301123EBF35D006758E8 /* AppDelegate.swift */,
				4637301323EBF35D006758E8 /* SceneDelegate.swift */,
				4637301723EBF364006758E8 /* Assets.xcassets */,
				4637301C23EBF364006758E8 /* LaunchScreen.storyboard */,
				4637301F23EBF364006758E8 /* Info.plist */,
				4637301923EBF364006758E8 /* Preview Content */,
			);
			path = SwiftLearning;
			sourceTree = "<group>";
		};
		4637301923EBF364006758E8 /* Preview Content */ = {
			isa = PBXGroup;
			children = (
				4637301A23EBF364006758E8 /* Preview Assets.xcassets */,
			);
			path = "Preview Content";
			sourceTree = "<group>";
		};
		4637302723EBF365006758E8 /* SwiftLearningTests */ = {
			isa = PBXGroup;
			children = (
				4637302823EBF365006758E8 /* SwiftLearningTests.swift */,
				4637302A23EBF365006758E8 /* Info.plist */,
			);
			path = SwiftLearningTests;
			sourceTree = "<group>";
		};
		4637303223EBF365006758E8 /* SwiftLearningUITests */ = {
			isa = PBXGroup;
			children = (
				4637303323EBF365006758E8 /* SwiftLearningUITests.swift */,
				4637303523EBF365006758E8 /* Info.plist */,
			);
			path = SwiftLearningUITests;
			sourceTree = "<group>";
		};
		4637304523EC123F006758E8 /* Screens */ = {
			isa = PBXGroup;
			children = (
				463ED5FC23F7B08B001592C2 /* Home */,
				4637304623EC1263006758E8 /* Auth */,
			);
			path = Screens;
			sourceTree = "<group>";
		};
		4637304623EC1263006758E8 /* Auth */ = {
			isa = PBXGroup;
			children = (
				4637304F23ED4F9A006758E8 /* Register */,
				4637304C23EC1C50006758E8 /* OnboardingHome */,
				4637304B23EC1C1F006758E8 /* Login */,
			);
			path = Auth;
			sourceTree = "<group>";
		};
		4637304B23EC1C1F006758E8 /* Login */ = {
			isa = PBXGroup;
			children = (
				4637304723EC12B5006758E8 /* Login.swift */,
			);
			path = Login;
			sourceTree = "<group>";
		};
		4637304C23EC1C50006758E8 /* OnboardingHome */ = {
			isa = PBXGroup;
			children = (
				4637304D23EC1CBF006758E8 /* OnboardingHome.swift */,
			);
			path = OnboardingHome;
			sourceTree = "<group>";
		};
		4637304F23ED4F9A006758E8 /* Register */ = {
			isa = PBXGroup;
			children = (
				4637305023ED4FB5006758E8 /* Register.swift */,
			);
			path = Register;
			sourceTree = "<group>";
		};
		463ED5F523F65BC1001592C2 /* Schemas */ = {
			isa = PBXGroup;
			children = (
				463ED5F623F65BE1001592C2 /* CurrentUser.swift */,
			);
			path = Schemas;
			sourceTree = "<group>";
		};
		463ED5F823F65D2D001592C2 /* Model */ = {
			isa = PBXGroup;
			children = (
				463ED5F923F65D3D001592C2 /* Auth.swift */,
				46D00F9E240CE8BA00C463AA /* LoginManager.swift */,
				46D00FA0240D096100C463AA /* Weather.swift */,
				46D00FA4240E560800C463AA /* APIRequestFetcher.swift */,
			);
			path = Model;
			sourceTree = "<group>";
		};
		463ED5FC23F7B08B001592C2 /* Home */ = {
			isa = PBXGroup;
			children = (
				463ED5FD23F7B09C001592C2 /* Home.swift */,
			);
			path = Home;
			sourceTree = "<group>";
		};
		62451ABB1A5C6B1894C33E60 /* Frameworks */ = {
			isa = PBXGroup;
			children = (
				26F293EF58818CF9D66A5D97 /* Pods_SwiftLearning.framework */,
				7104918F98D16715E7FF9FFE /* Pods_SwiftLearning_SwiftLearningUITests.framework */,
				C68296FD931E16660AB9986E /* Pods_SwiftLearningTests.framework */,
			);
			name = Frameworks;
			sourceTree = "<group>";
		};
/* End PBXGroup section */

/* Begin PBXNativeTarget section */
		4637300D23EBF35D006758E8 /* SwiftLearning */ = {
			isa = PBXNativeTarget;
			buildConfigurationList = 4637303823EBF365006758E8 /* Build configuration list for PBXNativeTarget "SwiftLearning" */;
			buildPhases = (
				ED511CFC8A1B0B2F34B75A50 /* [CP] Check Pods Manifest.lock */,
				4637300A23EBF35D006758E8 /* Sources */,
				4637300B23EBF35D006758E8 /* Frameworks */,
				4637300C23EBF35D006758E8 /* Resources */,
				B0505A43D29DC2CD8E45363E /* [CP] Embed Pods Frameworks */,
			);
			buildRules = (
			);
			dependencies = (
			);
			name = SwiftLearning;
			productName = SwiftLearning;
			productReference = 4637300E23EBF35D006758E8 /* SwiftLearning.app */;
			productType = "com.apple.product-type.application";
		};
		4637302323EBF365006758E8 /* SwiftLearningTests */ = {
			isa = PBXNativeTarget;
			buildConfigurationList = 4637303B23EBF365006758E8 /* Build configuration list for PBXNativeTarget "SwiftLearningTests" */;
			buildPhases = (
				610C8B597572157E9733EECB /* [CP] Check Pods Manifest.lock */,
				4637302023EBF365006758E8 /* Sources */,
				4637302123EBF365006758E8 /* Frameworks */,
				4637302223EBF365006758E8 /* Resources */,
			);
			buildRules = (
			);
			dependencies = (
				4637302623EBF365006758E8 /* PBXTargetDependency */,
			);
			name = SwiftLearningTests;
			productName = SwiftLearningTests;
			productReference = 4637302423EBF365006758E8 /* SwiftLearningTests.xctest */;
			productType = "com.apple.product-type.bundle.unit-test";
		};
		4637302E23EBF365006758E8 /* SwiftLearningUITests */ = {
			isa = PBXNativeTarget;
			buildConfigurationList = 4637303E23EBF365006758E8 /* Build configuration list for PBXNativeTarget "SwiftLearningUITests" */;
			buildPhases = (
				25AC4C2B22EE1F8F2E068B43 /* [CP] Check Pods Manifest.lock */,
				4637302B23EBF365006758E8 /* Sources */,
				4637302C23EBF365006758E8 /* Frameworks */,
				4637302D23EBF365006758E8 /* Resources */,
				BCF58CD3EFE384ADE82A1C43 /* [CP] Embed Pods Frameworks */,
			);
			buildRules = (
			);
			dependencies = (
				4637303123EBF365006758E8 /* PBXTargetDependency */,
			);
			name = SwiftLearningUITests;
			productName = SwiftLearningUITests;
			productReference = 4637302F23EBF365006758E8 /* SwiftLearningUITests.xctest */;
			productType = "com.apple.product-type.bundle.ui-testing";
		};
/* End PBXNativeTarget section */

/* Begin PBXProject section */
		4637300623EBF35D006758E8 /* Project object */ = {
			isa = PBXProject;
			attributes = {
				LastSwiftUpdateCheck = 1130;
				LastUpgradeCheck = 1130;
				ORGANIZATIONNAME = "Dikson Samuel";
				TargetAttributes = {
					4637300D23EBF35D006758E8 = {
						CreatedOnToolsVersion = 11.3.1;
					};
					4637302323EBF365006758E8 = {
						CreatedOnToolsVersion = 11.3.1;
						TestTargetID = 4637300D23EBF35D006758E8;
					};
					4637302E23EBF365006758E8 = {
						CreatedOnToolsVersion = 11.3.1;
						TestTargetID = 4637300D23EBF35D006758E8;
					};
				};
			};
			buildConfigurationList = 4637300923EBF35D006758E8 /* Build configuration list for PBXProject "SwiftLearning" */;
			compatibilityVersion = "Xcode 9.3";
			developmentRegion = en;
			hasScannedForEncodings = 0;
			knownRegions = (
				en,
				Base,
			);
			mainGroup = 4637300523EBF35D006758E8;
			productRefGroup = 4637300F23EBF35D006758E8 /* Products */;
			projectDirPath = "";
			projectRoot = "";
			targets = (
				4637300D23EBF35D006758E8 /* SwiftLearning */,
				4637302323EBF365006758E8 /* SwiftLearningTests */,
				4637302E23EBF365006758E8 /* SwiftLearningUITests */,
			);
		};
/* End PBXProject section */

/* Begin PBXResourcesBuildPhase section */
		4637300C23EBF35D006758E8 /* Resources */ = {
			isa = PBXResourcesBuildPhase;
			buildActionMask = 2147483647;
			files = (
				4637301E23EBF364006758E8 /* LaunchScreen.storyboard in Resources */,
				4637301B23EBF364006758E8 /* Preview Assets.xcassets in Resources */,
				4637301823EBF364006758E8 /* Assets.xcassets in Resources */,
			);
			runOnlyForDeploymentPostprocessing = 0;
		};
		4637302223EBF365006758E8 /* Resources */ = {
			isa = PBXResourcesBuildPhase;
			buildActionMask = 2147483647;
			files = (
			);
			runOnlyForDeploymentPostprocessing = 0;
		};
		4637302D23EBF365006758E8 /* Resources */ = {
			isa = PBXResourcesBuildPhase;
			buildActionMask = 2147483647;
			files = (
			);
			runOnlyForDeploymentPostprocessing = 0;
		};
/* End PBXResourcesBuildPhase section */

/* Begin PBXShellScriptBuildPhase section */
		25AC4C2B22EE1F8F2E068B43 /* [CP] Check Pods Manifest.lock */ = {
			isa = PBXShellScriptBuildPhase;
			buildActionMask = 2147483647;
			files = (
			);
			inputFileListPaths = (
			);
			inputPaths = (
				"${PODS_PODFILE_DIR_PATH}/Podfile.lock",
				"${PODS_ROOT}/Manifest.lock",
			);
			name = "[CP] Check Pods Manifest.lock";
			outputFileListPaths = (
			);
			outputPaths = (
				"$(DERIVED_FILE_DIR)/Pods-SwiftLearning-SwiftLearningUITests-checkManifestLockResult.txt",
			);
			runOnlyForDeploymentPostprocessing = 0;
			shellPath = /bin/sh;
			shellScript = "diff \"${PODS_PODFILE_DIR_PATH}/Podfile.lock\" \"${PODS_ROOT}/Manifest.lock\" > /dev/null\nif [ $? != 0 ] ; then\n    # print error to STDERR\n    echo \"error: The sandbox is not in sync with the Podfile.lock. Run 'pod install' or update your CocoaPods installation.\" >&2\n    exit 1\nfi\n# This output is used by Xcode 'outputs' to avoid re-running this script phase.\necho \"SUCCESS\" > \"${SCRIPT_OUTPUT_FILE_0}\"\n";
			showEnvVarsInLog = 0;
		};
		610C8B597572157E9733EECB /* [CP] Check Pods Manifest.lock */ = {
			isa = PBXShellScriptBuildPhase;
			buildActionMask = 2147483647;
			files = (
			);
			inputFileListPaths = (
			);
			inputPaths = (
				"${PODS_PODFILE_DIR_PATH}/Podfile.lock",
				"${PODS_ROOT}/Manifest.lock",
			);
			name = "[CP] Check Pods Manifest.lock";
			outputFileListPaths = (
			);
			outputPaths = (
				"$(DERIVED_FILE_DIR)/Pods-SwiftLearningTests-checkManifestLockResult.txt",
			);
			runOnlyForDeploymentPostprocessing = 0;
			shellPath = /bin/sh;
			shellScript = "diff \"${PODS_PODFILE_DIR_PATH}/Podfile.lock\" \"${PODS_ROOT}/Manifest.lock\" > /dev/null\nif [ $? != 0 ] ; then\n    # print error to STDERR\n    echo \"error: The sandbox is not in sync with the Podfile.lock. Run 'pod install' or update your CocoaPods installation.\" >&2\n    exit 1\nfi\n# This output is used by Xcode 'outputs' to avoid re-running this script phase.\necho \"SUCCESS\" > \"${SCRIPT_OUTPUT_FILE_0}\"\n";
			showEnvVarsInLog = 0;
		};
		B0505A43D29DC2CD8E45363E /* [CP] Embed Pods Frameworks */ = {
			isa = PBXShellScriptBuildPhase;
			buildActionMask = 2147483647;
			files = (
			);
			inputFileListPaths = (
				"${PODS_ROOT}/Target Support Files/Pods-SwiftLearning/Pods-SwiftLearning-frameworks-${CONFIGURATION}-input-files.xcfilelist",
			);
			name = "[CP] Embed Pods Frameworks";
			outputFileListPaths = (
				"${PODS_ROOT}/Target Support Files/Pods-SwiftLearning/Pods-SwiftLearning-frameworks-${CONFIGURATION}-output-files.xcfilelist",
			);
			runOnlyForDeploymentPostprocessing = 0;
			shellPath = /bin/sh;
			shellScript = "\"${PODS_ROOT}/Target Support Files/Pods-SwiftLearning/Pods-SwiftLearning-frameworks.sh\"\n";
			showEnvVarsInLog = 0;
		};
		BCF58CD3EFE384ADE82A1C43 /* [CP] Embed Pods Frameworks */ = {
			isa = PBXShellScriptBuildPhase;
			buildActionMask = 2147483647;
			files = (
			);
			inputFileListPaths = (
				"${PODS_ROOT}/Target Support Files/Pods-SwiftLearning-SwiftLearningUITests/Pods-SwiftLearning-SwiftLearningUITests-frameworks-${CONFIGURATION}-input-files.xcfilelist",
			);
			name = "[CP] Embed Pods Frameworks";
			outputFileListPaths = (
				"${PODS_ROOT}/Target Support Files/Pods-SwiftLearning-SwiftLearningUITests/Pods-SwiftLearning-SwiftLearningUITests-frameworks-${CONFIGURATION}-output-files.xcfilelist",
			);
			runOnlyForDeploymentPostprocessing = 0;
			shellPath = /bin/sh;
			shellScript = "\"${PODS_ROOT}/Target Support Files/Pods-SwiftLearning-SwiftLearningUITests/Pods-SwiftLearning-SwiftLearningUITests-frameworks.sh\"\n";
			showEnvVarsInLog = 0;
		};
		ED511CFC8A1B0B2F34B75A50 /* [CP] Check Pods Manifest.lock */ = {
			isa = PBXShellScriptBuildPhase;
			buildActionMask = 2147483647;
			files = (
			);
			inputFileListPaths = (
			);
			inputPaths = (
				"${PODS_PODFILE_DIR_PATH}/Podfile.lock",
				"${PODS_ROOT}/Manifest.lock",
			);
			name = "[CP] Check Pods Manifest.lock";
			outputFileListPaths = (
			);
			outputPaths = (
				"$(DERIVED_FILE_DIR)/Pods-SwiftLearning-checkManifestLockResult.txt",
			);
			runOnlyForDeploymentPostprocessing = 0;
			shellPath = /bin/sh;
			shellScript = "diff \"${PODS_PODFILE_DIR_PATH}/Podfile.lock\" \"${PODS_ROOT}/Manifest.lock\" > /dev/null\nif [ $? != 0 ] ; then\n    # print error to STDERR\n    echo \"error: The sandbox is not in sync with the Podfile.lock. Run 'pod install' or update your CocoaPods installation.\" >&2\n    exit 1\nfi\n# This output is used by Xcode 'outputs' to avoid re-running this script phase.\necho \"SUCCESS\" > \"${SCRIPT_OUTPUT_FILE_0}\"\n";
			showEnvVarsInLog = 0;
		};
/* End PBXShellScriptBuildPhase section */

/* Begin PBXSourcesBuildPhase section */
		4637300A23EBF35D006758E8 /* Sources */ = {
			isa = PBXSourcesBuildPhase;
			buildActionMask = 2147483647;
			files = (
				4637301223EBF35D006758E8 /* AppDelegate.swift in Sources */,
				4637301423EBF35D006758E8 /* SceneDelegate.swift in Sources */,
				4637304823EC12B5006758E8 /* Login.swift in Sources */,
				4637304E23EC1CBF006758E8 /* OnboardingHome.swift in Sources */,
				46D00FA1240D096100C463AA /* Weather.swift in Sources */,
				463ED5FA23F65D3D001592C2 /* Auth.swift in Sources */,
				46D00F9F240CE8BA00C463AA /* LoginManager.swift in Sources */,
				4637305123ED4FB5006758E8 /* Register.swift in Sources */,
				463ED5FE23F7B09C001592C2 /* Home.swift in Sources */,
				463ED5F723F65BE1001592C2 /* CurrentUser.swift in Sources */,
				46D00FA5240E560800C463AA /* APIRequestFetcher.swift in Sources */,
			);
			runOnlyForDeploymentPostprocessing = 0;
		};
		4637302023EBF365006758E8 /* Sources */ = {
			isa = PBXSourcesBuildPhase;
			buildActionMask = 2147483647;
			files = (
				4637302923EBF365006758E8 /* SwiftLearningTests.swift in Sources */,
			);
			runOnlyForDeploymentPostprocessing = 0;
		};
		4637302B23EBF365006758E8 /* Sources */ = {
			isa = PBXSourcesBuildPhase;
			buildActionMask = 2147483647;
			files = (
				4637303423EBF365006758E8 /* SwiftLearningUITests.swift in Sources */,
			);
			runOnlyForDeploymentPostprocessing = 0;
		};
/* End PBXSourcesBuildPhase section */

/* Begin PBXTargetDependency section */
		4637302623EBF365006758E8 /* PBXTargetDependency */ = {
			isa = PBXTargetDependency;
			target = 4637300D23EBF35D006758E8 /* SwiftLearning */;
			targetProxy = 4637302523EBF365006758E8 /* PBXContainerItemProxy */;
		};
		4637303123EBF365006758E8 /* PBXTargetDependency */ = {
			isa = PBXTargetDependency;
			target = 4637300D23EBF35D006758E8 /* SwiftLearning */;
			targetProxy = 4637303023EBF365006758E8 /* PBXContainerItemProxy */;
		};
/* End PBXTargetDependency section */

/* Begin PBXVariantGroup section */
		4637301C23EBF364006758E8 /* LaunchScreen.storyboard */ = {
			isa = PBXVariantGroup;
			children = (
				4637301D23EBF364006758E8 /* Base */,
			);
			name = LaunchScreen.storyboard;
			sourceTree = "<group>";
		};
/* End PBXVariantGroup section */

/* Begin XCBuildConfiguration section */
		4637303623EBF365006758E8 /* Debug */ = {
			isa = XCBuildConfiguration;
			buildSettings = {
				ALWAYS_SEARCH_USER_PATHS = NO;
				CLANG_ANALYZER_NONNULL = YES;
				CLANG_ANALYZER_NUMBER_OBJECT_CONVERSION = YES_AGGRESSIVE;
				CLANG_CXX_LANGUAGE_STANDARD = "gnu++14";
				CLANG_CXX_LIBRARY = "libc++";
				CLANG_ENABLE_MODULES = YES;
				CLANG_ENABLE_OBJC_ARC = YES;
				CLANG_ENABLE_OBJC_WEAK = YES;
				CLANG_WARN_BLOCK_CAPTURE_AUTORELEASING = YES;
				CLANG_WARN_BOOL_CONVERSION = YES;
				CLANG_WARN_COMMA = YES;
				CLANG_WARN_CONSTANT_CONVERSION = YES;
				CLANG_WARN_DEPRECATED_OBJC_IMPLEMENTATIONS = YES;
				CLANG_WARN_DIRECT_OBJC_ISA_USAGE = YES_ERROR;
				CLANG_WARN_DOCUMENTATION_COMMENTS = YES;
				CLANG_WARN_EMPTY_BODY = YES;
				CLANG_WARN_ENUM_CONVERSION = YES;
				CLANG_WARN_INFINITE_RECURSION = YES;
				CLANG_WARN_INT_CONVERSION = YES;
				CLANG_WARN_NON_LITERAL_NULL_CONVERSION = YES;
				CLANG_WARN_OBJC_IMPLICIT_RETAIN_SELF = YES;
				CLANG_WARN_OBJC_LITERAL_CONVERSION = YES;
				CLANG_WARN_OBJC_ROOT_CLASS = YES_ERROR;
				CLANG_WARN_RANGE_LOOP_ANALYSIS = YES;
				CLANG_WARN_STRICT_PROTOTYPES = YES;
				CLANG_WARN_SUSPICIOUS_MOVE = YES;
				CLANG_WARN_UNGUARDED_AVAILABILITY = YES_AGGRESSIVE;
				CLANG_WARN_UNREACHABLE_CODE = YES;
				CLANG_WARN__DUPLICATE_METHOD_MATCH = YES;
				COPY_PHASE_STRIP = NO;
				DEBUG_INFORMATION_FORMAT = dwarf;
				ENABLE_STRICT_OBJC_MSGSEND = YES;
				ENABLE_TESTABILITY = YES;
				GCC_C_LANGUAGE_STANDARD = gnu11;
				GCC_DYNAMIC_NO_PIC = NO;
				GCC_NO_COMMON_BLOCKS = YES;
				GCC_OPTIMIZATION_LEVEL = 0;
				GCC_PREPROCESSOR_DEFINITIONS = (
					"DEBUG=1",
					"$(inherited)",
				);
				GCC_WARN_64_TO_32_BIT_CONVERSION = YES;
				GCC_WARN_ABOUT_RETURN_TYPE = YES_ERROR;
				GCC_WARN_UNDECLARED_SELECTOR = YES;
				GCC_WARN_UNINITIALIZED_AUTOS = YES_AGGRESSIVE;
				GCC_WARN_UNUSED_FUNCTION = YES;
				GCC_WARN_UNUSED_VARIABLE = YES;
				IPHONEOS_DEPLOYMENT_TARGET = 13.2;
				MTL_ENABLE_DEBUG_INFO = INCLUDE_SOURCE;
				MTL_FAST_MATH = YES;
				ONLY_ACTIVE_ARCH = YES;
				SDKROOT = iphoneos;
				SWIFT_ACTIVE_COMPILATION_CONDITIONS = DEBUG;
				SWIFT_OPTIMIZATION_LEVEL = "-Onone";
			};
			name = Debug;
		};
		4637303723EBF365006758E8 /* Release */ = {
			isa = XCBuildConfiguration;
			buildSettings = {
				ALWAYS_SEARCH_USER_PATHS = NO;
				CLANG_ANALYZER_NONNULL = YES;
				CLANG_ANALYZER_NUMBER_OBJECT_CONVERSION = YES_AGGRESSIVE;
				CLANG_CXX_LANGUAGE_STANDARD = "gnu++14";
				CLANG_CXX_LIBRARY = "libc++";
				CLANG_ENABLE_MODULES = YES;
				CLANG_ENABLE_OBJC_ARC = YES;
				CLANG_ENABLE_OBJC_WEAK = YES;
				CLANG_WARN_BLOCK_CAPTURE_AUTORELEASING = YES;
				CLANG_WARN_BOOL_CONVERSION = YES;
				CLANG_WARN_COMMA = YES;
				CLANG_WARN_CONSTANT_CONVERSION = YES;
				CLANG_WARN_DEPRECATED_OBJC_IMPLEMENTATIONS = YES;
				CLANG_WARN_DIRECT_OBJC_ISA_USAGE = YES_ERROR;
				CLANG_WARN_DOCUMENTATION_COMMENTS = YES;
				CLANG_WARN_EMPTY_BODY = YES;
				CLANG_WARN_ENUM_CONVERSION = YES;
				CLANG_WARN_INFINITE_RECURSION = YES;
				CLANG_WARN_INT_CONVERSION = YES;
				CLANG_WARN_NON_LITERAL_NULL_CONVERSION = YES;
				CLANG_WARN_OBJC_IMPLICIT_RETAIN_SELF = YES;
				CLANG_WARN_OBJC_LITERAL_CONVERSION = YES;
				CLANG_WARN_OBJC_ROOT_CLASS = YES_ERROR;
				CLANG_WARN_RANGE_LOOP_ANALYSIS = YES;
				CLANG_WARN_STRICT_PROTOTYPES = YES;
				CLANG_WARN_SUSPICIOUS_MOVE = YES;
				CLANG_WARN_UNGUARDED_AVAILABILITY = YES_AGGRESSIVE;
				CLANG_WARN_UNREACHABLE_CODE = YES;
				CLANG_WARN__DUPLICATE_METHOD_MATCH = YES;
				COPY_PHASE_STRIP = NO;
				DEBUG_INFORMATION_FORMAT = "dwarf-with-dsym";
				ENABLE_NS_ASSERTIONS = NO;
				ENABLE_STRICT_OBJC_MSGSEND = YES;
				GCC_C_LANGUAGE_STANDARD = gnu11;
				GCC_NO_COMMON_BLOCKS = YES;
				GCC_WARN_64_TO_32_BIT_CONVERSION = YES;
				GCC_WARN_ABOUT_RETURN_TYPE = YES_ERROR;
				GCC_WARN_UNDECLARED_SELECTOR = YES;
				GCC_WARN_UNINITIALIZED_AUTOS = YES_AGGRESSIVE;
				GCC_WARN_UNUSED_FUNCTION = YES;
				GCC_WARN_UNUSED_VARIABLE = YES;
				IPHONEOS_DEPLOYMENT_TARGET = 13.2;
				MTL_ENABLE_DEBUG_INFO = NO;
				MTL_FAST_MATH = YES;
				SDKROOT = iphoneos;
				SWIFT_COMPILATION_MODE = wholemodule;
				SWIFT_OPTIMIZATION_LEVEL = "-O";
				VALIDATE_PRODUCT = YES;
			};
			name = Release;
		};
		4637303923EBF365006758E8 /* Debug */ = {
			isa = XCBuildConfiguration;
			baseConfigurationReference = 42F91504D7BA765170BC3E57 /* Pods-SwiftLearning.debug.xcconfig */;
			buildSettings = {
				ASSETCATALOG_COMPILER_APPICON_NAME = AppIcon;
				CODE_SIGN_STYLE = Automatic;
				DEVELOPMENT_ASSET_PATHS = "\"SwiftLearning/Preview Content\"";
				ENABLE_PREVIEWS = YES;
				INFOPLIST_FILE = SwiftLearning/Info.plist;
				LD_RUNPATH_SEARCH_PATHS = (
					"$(inherited)",
					"@executable_path/Frameworks",
				);
				PRODUCT_BUNDLE_IDENTIFIER = com.skcript.SwiftLearning;
				PRODUCT_NAME = "$(TARGET_NAME)";
				SWIFT_VERSION = 5.0;
				TARGETED_DEVICE_FAMILY = "1,2";
			};
			name = Debug;
		};
		4637303A23EBF365006758E8 /* Release */ = {
			isa = XCBuildConfiguration;
			baseConfigurationReference = 62EC79475C09BDEF4E8BF95E /* Pods-SwiftLearning.release.xcconfig */;
			buildSettings = {
				ASSETCATALOG_COMPILER_APPICON_NAME = AppIcon;
				CODE_SIGN_STYLE = Automatic;
				DEVELOPMENT_ASSET_PATHS = "\"SwiftLearning/Preview Content\"";
				ENABLE_PREVIEWS = YES;
				INFOPLIST_FILE = SwiftLearning/Info.plist;
				LD_RUNPATH_SEARCH_PATHS = (
					"$(inherited)",
					"@executable_path/Frameworks",
				);
				PRODUCT_BUNDLE_IDENTIFIER = com.skcript.SwiftLearning;
				PRODUCT_NAME = "$(TARGET_NAME)";
				SWIFT_VERSION = 5.0;
				TARGETED_DEVICE_FAMILY = "1,2";
			};
			name = Release;
		};
		4637303C23EBF365006758E8 /* Debug */ = {
			isa = XCBuildConfiguration;
			baseConfigurationReference = BF772EE26EA0D16CECCEFA17 /* Pods-SwiftLearningTests.debug.xcconfig */;
			buildSettings = {
				ALWAYS_EMBED_SWIFT_STANDARD_LIBRARIES = YES;
				BUNDLE_LOADER = "$(TEST_HOST)";
				CODE_SIGN_STYLE = Automatic;
				INFOPLIST_FILE = SwiftLearningTests/Info.plist;
				IPHONEOS_DEPLOYMENT_TARGET = 13.2;
				LD_RUNPATH_SEARCH_PATHS = (
					"$(inherited)",
					"@executable_path/Frameworks",
					"@loader_path/Frameworks",
				);
				PRODUCT_BUNDLE_IDENTIFIER = com.skcript.SwiftLearningTests;
				PRODUCT_NAME = "$(TARGET_NAME)";
				SWIFT_VERSION = 5.0;
				TARGETED_DEVICE_FAMILY = "1,2";
				TEST_HOST = "$(BUILT_PRODUCTS_DIR)/SwiftLearning.app/SwiftLearning";
			};
			name = Debug;
		};
		4637303D23EBF365006758E8 /* Release */ = {
			isa = XCBuildConfiguration;
			baseConfigurationReference = 7EDAA823FA2A15A7D64EA451 /* Pods-SwiftLearningTests.release.xcconfig */;
			buildSettings = {
				ALWAYS_EMBED_SWIFT_STANDARD_LIBRARIES = YES;
				BUNDLE_LOADER = "$(TEST_HOST)";
				CODE_SIGN_STYLE = Automatic;
				INFOPLIST_FILE = SwiftLearningTests/Info.plist;
				IPHONEOS_DEPLOYMENT_TARGET = 13.2;
				LD_RUNPATH_SEARCH_PATHS = (
					"$(inherited)",
					"@executable_path/Frameworks",
					"@loader_path/Frameworks",
				);
				PRODUCT_BUNDLE_IDENTIFIER = com.skcript.SwiftLearningTests;
				PRODUCT_NAME = "$(TARGET_NAME)";
				SWIFT_VERSION = 5.0;
				TARGETED_DEVICE_FAMILY = "1,2";
				TEST_HOST = "$(BUILT_PRODUCTS_DIR)/SwiftLearning.app/SwiftLearning";
			};
			name = Release;
		};
		4637303F23EBF365006758E8 /* Debug */ = {
			isa = XCBuildConfiguration;
			baseConfigurationReference = 9A423F0739D22147DB95CA51 /* Pods-SwiftLearning-SwiftLearningUITests.debug.xcconfig */;
			buildSettings = {
				ALWAYS_EMBED_SWIFT_STANDARD_LIBRARIES = YES;
				CODE_SIGN_STYLE = Automatic;
				INFOPLIST_FILE = SwiftLearningUITests/Info.plist;
				LD_RUNPATH_SEARCH_PATHS = (
					"$(inherited)",
					"@executable_path/Frameworks",
					"@loader_path/Frameworks",
				);
				PRODUCT_BUNDLE_IDENTIFIER = com.skcript.SwiftLearningUITests;
				PRODUCT_NAME = "$(TARGET_NAME)";
				SWIFT_VERSION = 5.0;
				TARGETED_DEVICE_FAMILY = "1,2";
				TEST_TARGET_NAME = SwiftLearning;
			};
			name = Debug;
		};
		4637304023EBF365006758E8 /* Release */ = {
			isa = XCBuildConfiguration;
			baseConfigurationReference = C70ABD6B6F0CF74609F02F3A /* Pods-SwiftLearning-SwiftLearningUITests.release.xcconfig */;
			buildSettings = {
				ALWAYS_EMBED_SWIFT_STANDARD_LIBRARIES = YES;
				CODE_SIGN_STYLE = Automatic;
				INFOPLIST_FILE = SwiftLearningUITests/Info.plist;
				LD_RUNPATH_SEARCH_PATHS = (
					"$(inherited)",
					"@executable_path/Frameworks",
					"@loader_path/Frameworks",
				);
				PRODUCT_BUNDLE_IDENTIFIER = com.skcript.SwiftLearningUITests;
				PRODUCT_NAME = "$(TARGET_NAME)";
				SWIFT_VERSION = 5.0;
				TARGETED_DEVICE_FAMILY = "1,2";
				TEST_TARGET_NAME = SwiftLearning;
			};
			name = Release;
		};
/* End XCBuildConfiguration section */

/* Begin XCConfigurationList section */
		4637300923EBF35D006758E8 /* Build configuration list for PBXProject "SwiftLearning" */ = {
			isa = XCConfigurationList;
			buildConfigurations = (
				4637303623EBF365006758E8 /* Debug */,
				4637303723EBF365006758E8 /* Release */,
			);
			defaultConfigurationIsVisible = 0;
			defaultConfigurationName = Release;
		};
		4637303823EBF365006758E8 /* Build configuration list for PBXNativeTarget "SwiftLearning" */ = {
			isa = XCConfigurationList;
			buildConfigurations = (
				4637303923EBF365006758E8 /* Debug */,
				4637303A23EBF365006758E8 /* Release */,
			);
			defaultConfigurationIsVisible = 0;
			defaultConfigurationName = Release;
		};
		4637303B23EBF365006758E8 /* Build configuration list for PBXNativeTarget "SwiftLearningTests" */ = {
			isa = XCConfigurationList;
			buildConfigurations = (
				4637303C23EBF365006758E8 /* Debug */,
				4637303D23EBF365006758E8 /* Release */,
			);
			defaultConfigurationIsVisible = 0;
			defaultConfigurationName = Release;
		};
		4637303E23EBF365006758E8 /* Build configuration list for PBXNativeTarget "SwiftLearningUITests" */ = {
			isa = XCConfigurationList;
			buildConfigurations = (
				4637303F23EBF365006758E8 /* Debug */,
				4637304023EBF365006758E8 /* Release */,
			);
			defaultConfigurationIsVisible = 0;
			defaultConfigurationName = Release;
		};
/* End XCConfigurationList section */
	};
	rootObject = 4637300623EBF35D006758E8 /* Project object */;
}
